
Microsoft Visual Studio Solution File, Format Version 12.00
# Visual Studio Version 17
VisualStudioVersion = 17.8.34511.84
MinimumVisualStudioVersion = 10.0.40219.1
Project("{2150E333-8FDC-42A3-9474-1A3956D46DE8}") = "tests", "tests", "{A525DF86-0724-4986-8966-503D7187F8E9}"
EndProject
Project("{E53339B2-1760-4266-BCC7-CA923CBCF16C}") = "docker-compose", "docker-compose.dcproj", "{E7D5D03C-81C3-41A0-BC98-9903E885F887}"
EndProject
Project("{2150E333-8FDC-42A3-9474-1A3956D46DE8}") = "Solution Items", "Solution Items", "{954BF522-B507-42A9-B5D3-D4F96B4750C8}"
	ProjectSection(SolutionItems) = preProject
		.editorconfig = .editorconfig
	EndProjectSection
EndProject
Project("{2150E333-8FDC-42A3-9474-1A3956D46DE8}") = "ApiGateways", "ApiGateways", "{DE3332ED-ACAC-488D-9503-F00B38CD2A66}"
EndProject
Project("{2150E333-8FDC-42A3-9474-1A3956D46DE8}") = "Services", "Services", "{4D95AD36-A657-4E54-92C5-928C724933D4}"
EndProject
Project("{2150E333-8FDC-42A3-9474-1A3956D46DE8}") = "BuildingBlocks", "BuildingBlocks", "{9FE7139E-7999-4D49-AD9A-DB472E355D4C}"
EndProject
Project("{2150E333-8FDC-42A3-9474-1A3956D46DE8}") = "Core", "Core", "{7C5F2947-8B07-47CE-88E7-7DAD8CDDDBF7}"
EndProject
Project("{2150E333-8FDC-42A3-9474-1A3956D46DE8}") = "Organization", "Organization", "{15D4471E-E901-4EDD-B88F-F716AB5C7D57}"
	ProjectSection(SolutionItems) = preProject
		.gitignore = .gitignore
	EndProjectSection
EndProject
Project("{2150E333-8FDC-42A3-9474-1A3956D46DE8}") = "Incident", "Incident", "{DDCA5C5E-0FE7-48AD-91A7-E927404403C6}"
	ProjectSection(SolutionItems) = preProject
		.gitignore = .gitignore
	EndProjectSection
EndProject
Project("{2150E333-8FDC-42A3-9474-1A3956D46DE8}") = "Resources", "Resources", "{097A008F-008E-49F5-A14B-F7C7784688C1}"
	ProjectSection(SolutionItems) = preProject
		.gitignore = .gitignore
	EndProjectSection
EndProject
Project("{2150E333-8FDC-42A3-9474-1A3956D46DE8}") = "Payment", "Payment", "{E8481195-A777-4E3C-9A04-FDFD0D54B059}"
	ProjectSection(SolutionItems) = preProject
		.gitignore = .gitignore
	EndProjectSection
EndProject
Project("{9A19103F-16F7-4668-BE54-9A1E7A4F7556}") = "LTW.Organization.API", "..\LTW.Organization.API\LTW.Organization.API.csproj", "{BE83FB87-393B-4E7F-B283-B5BAFF3948F7}"
EndProject
Project("{9A19103F-16F7-4668-BE54-9A1E7A4F7556}") = "LTW.Payment.API", "..\LTW.Payment.API\LTW.Payment.API.csproj", "{08F9A3F1-E553-4A61-B350-FA99A40492A8}"
EndProject
Project("{9A19103F-16F7-4668-BE54-9A1E7A4F7556}") = "LTW.Resources.API", "..\LTW.Resources.API\LTW.Resources.API.csproj", "{789CFF96-7F71-4A40-AC65-FE76B0E12150}"
EndProject
Project("{9A19103F-16F7-4668-BE54-9A1E7A4F7556}") = "LTW.Organization.Application", "..\LTW.Organization.Application\LTW.Organization.Application.csproj", "{F9430C3D-6C88-4B54-AD45-F8110EE0CADE}"
EndProject
Project("{9A19103F-16F7-4668-BE54-9A1E7A4F7556}") = "LTW.Organization.Infrastructure", "..\LTW.Organization.Infrastructure\LTW.Organization.Infrastructure.csproj", "{9BEC5C04-9067-42CE-B6ED-A51E57CFE96C}"
EndProject
Project("{9A19103F-16F7-4668-BE54-9A1E7A4F7556}") = "LTW.Organization.Domain", "..\LTW.Organization.Domain\LTW.Organization.Domain.csproj", "{CF97323C-36D9-4272-AD70-D448007266A1}"
EndProject
Project("{9A19103F-16F7-4668-BE54-9A1E7A4F7556}") = "LTW.Payment.Application", "..\LTW.Payment.Application\LTW.Payment.Application.csproj", "{F20EAF73-9E51-4A8B-968E-F2FFC06295BD}"
EndProject
Project("{9A19103F-16F7-4668-BE54-9A1E7A4F7556}") = "LTW.Payment.Infrastructure", "..\LTW.Payment.Infrastructure\LTW.Payment.Infrastructure.csproj", "{DA48953E-2017-48C4-BA8A-387A86ADF476}"
EndProject
Project("{9A19103F-16F7-4668-BE54-9A1E7A4F7556}") = "LTW.Payment.Domain", "..\LTW.Payment.Domain\LTW.Payment.Domain.csproj", "{C9DD6B36-5091-485B-B4DC-49177CD6012E}"
EndProject
Project("{9A19103F-16F7-4668-BE54-9A1E7A4F7556}") = "LTW.Resources.Application", "..\LTW.Resources.Application\LTW.Resources.Application.csproj", "{46B0D67E-8D3F-4A07-ADFE-8D3D2A2DD123}"
EndProject
Project("{9A19103F-16F7-4668-BE54-9A1E7A4F7556}") = "LTW.Resources.Infrastructure", "..\LTW.Resources.Infrastructure\LTW.Resources.Infrastructure.csproj", "{5D2DEE46-820B-4B97-ABAE-FADAABE0E930}"
EndProject
Project("{9A19103F-16F7-4668-BE54-9A1E7A4F7556}") = "LTW.Resources.Domain", "..\LTW.Resources.Domain\LTW.Resources.Domain.csproj", "{1A40CF83-CD7F-4DAE-A578-B4595833B53C}"
EndProject
Project("{9A19103F-16F7-4668-BE54-9A1E7A4F7556}") = "LTW.Incident.AzureFunction", "..\LTW.Incident.AzureFunction\LTW.Incident.AzureFunction.csproj", "{1677D0DE-221B-421B-810A-F7EE163E3A19}"
EndProject
Project("{FAE04EC0-301F-11D3-BF4B-00C04F79EFBC}") = "LTW.Incident.Application", "..\LTW.Incident.Application\LTW.Incident.Application.csproj", "{D7FC1BC1-5BE8-4157-83A5-C67D77CB9612}"
EndProject
Project("{FAE04EC0-301F-11D3-BF4B-00C04F79EFBC}") = "LTW.Incident.Infrastructure", "..\LTW.Incident.Infrastructure\LTW.Incident.Infrastructure.csproj", "{E9F78B41-EBDB-41EB-9230-374E54A39782}"
EndProject
Project("{FAE04EC0-301F-11D3-BF4B-00C04F79EFBC}") = "LTW.Incident.Domain", "..\LTW.Incident.Domain\LTW.Incident.Domain.csproj", "{75F67A6A-F395-4FF9-8868-B4C3F274094F}"
EndProject
Project("{FAE04EC0-301F-11D3-BF4B-00C04F79EFBC}") = "LTW.Core", "..\LTW.Core\LTW.Core.csproj", "{30AABE18-372E-4524-B09B-62CC8D7AF6F9}"
EndProject
Global
	GlobalSection(SolutionConfigurationPlatforms) = preSolution
		Debug|Any CPU = Debug|Any CPU
		Release|Any CPU = Release|Any CPU
	EndGlobalSection
	GlobalSection(ProjectConfigurationPlatforms) = postSolution
		{E7D5D03C-81C3-41A0-BC98-9903E885F887}.Debug|Any CPU.ActiveCfg = Debug|Any CPU
		{E7D5D03C-81C3-41A0-BC98-9903E885F887}.Debug|Any CPU.Build.0 = Debug|Any CPU
		{E7D5D03C-81C3-41A0-BC98-9903E885F887}.Release|Any CPU.ActiveCfg = Release|Any CPU
		{E7D5D03C-81C3-41A0-BC98-9903E885F887}.Release|Any CPU.Build.0 = Release|Any CPU
		{BE83FB87-393B-4E7F-B283-B5BAFF3948F7}.Debug|Any CPU.ActiveCfg = Debug|Any CPU
		{BE83FB87-393B-4E7F-B283-B5BAFF3948F7}.Debug|Any CPU.Build.0 = Debug|Any CPU
		{BE83FB87-393B-4E7F-B283-B5BAFF3948F7}.Release|Any CPU.ActiveCfg = Release|Any CPU
		{BE83FB87-393B-4E7F-B283-B5BAFF3948F7}.Release|Any CPU.Build.0 = Release|Any CPU
		{08F9A3F1-E553-4A61-B350-FA99A40492A8}.Debug|Any CPU.ActiveCfg = Debug|Any CPU
		{08F9A3F1-E553-4A61-B350-FA99A40492A8}.Debug|Any CPU.Build.0 = Debug|Any CPU
		{08F9A3F1-E553-4A61-B350-FA99A40492A8}.Release|Any CPU.ActiveCfg = Release|Any CPU
		{08F9A3F1-E553-4A61-B350-FA99A40492A8}.Release|Any CPU.Build.0 = Release|Any CPU
		{789CFF96-7F71-4A40-AC65-FE76B0E12150}.Debug|Any CPU.ActiveCfg = Debug|Any CPU
		{789CFF96-7F71-4A40-AC65-FE76B0E12150}.Debug|Any CPU.Build.0 = Debug|Any CPU
		{789CFF96-7F71-4A40-AC65-FE76B0E12150}.Release|Any CPU.ActiveCfg = Release|Any CPU
		{789CFF96-7F71-4A40-AC65-FE76B0E12150}.Release|Any CPU.Build.0 = Release|Any CPU
		{F9430C3D-6C88-4B54-AD45-F8110EE0CADE}.Debug|Any CPU.ActiveCfg = Debug|Any CPU
		{F9430C3D-6C88-4B54-AD45-F8110EE0CADE}.Debug|Any CPU.Build.0 = Debug|Any CPU
		{F9430C3D-6C88-4B54-AD45-F8110EE0CADE}.Release|Any CPU.ActiveCfg = Release|Any CPU
		{F9430C3D-6C88-4B54-AD45-F8110EE0CADE}.Release|Any CPU.Build.0 = Release|Any CPU
		{9BEC5C04-9067-42CE-B6ED-A51E57CFE96C}.Debug|Any CPU.ActiveCfg = Debug|Any CPU
		{9BEC5C04-9067-42CE-B6ED-A51E57CFE96C}.Debug|Any CPU.Build.0 = Debug|Any CPU
		{9BEC5C04-9067-42CE-B6ED-A51E57CFE96C}.Release|Any CPU.ActiveCfg = Release|Any CPU
		{9BEC5C04-9067-42CE-B6ED-A51E57CFE96C}.Release|Any CPU.Build.0 = Release|Any CPU
		{CF97323C-36D9-4272-AD70-D448007266A1}.Debug|Any CPU.ActiveCfg = Debug|Any CPU
		{CF97323C-36D9-4272-AD70-D448007266A1}.Debug|Any CPU.Build.0 = Debug|Any CPU
		{CF97323C-36D9-4272-AD70-D448007266A1}.Release|Any CPU.ActiveCfg = Release|Any CPU
		{CF97323C-36D9-4272-AD70-D448007266A1}.Release|Any CPU.Build.0 = Release|Any CPU
		{F20EAF73-9E51-4A8B-968E-F2FFC06295BD}.Debug|Any CPU.ActiveCfg = Debug|Any CPU
		{F20EAF73-9E51-4A8B-968E-F2FFC06295BD}.Debug|Any CPU.Build.0 = Debug|Any CPU
		{F20EAF73-9E51-4A8B-968E-F2FFC06295BD}.Release|Any CPU.ActiveCfg = Release|Any CPU
		{F20EAF73-9E51-4A8B-968E-F2FFC06295BD}.Release|Any CPU.Build.0 = Release|Any CPU
		{DA48953E-2017-48C4-BA8A-387A86ADF476}.Debug|Any CPU.ActiveCfg = Debug|Any CPU
		{DA48953E-2017-48C4-BA8A-387A86ADF476}.Debug|Any CPU.Build.0 = Debug|Any CPU
		{DA48953E-2017-48C4-BA8A-387A86ADF476}.Release|Any CPU.ActiveCfg = Release|Any CPU
		{DA48953E-2017-48C4-BA8A-387A86ADF476}.Release|Any CPU.Build.0 = Release|Any CPU
		{C9DD6B36-5091-485B-B4DC-49177CD6012E}.Debug|Any CPU.ActiveCfg = Debug|Any CPU
		{C9DD6B36-5091-485B-B4DC-49177CD6012E}.Debug|Any CPU.Build.0 = Debug|Any CPU
		{C9DD6B36-5091-485B-B4DC-49177CD6012E}.Release|Any CPU.ActiveCfg = Release|Any CPU
		{C9DD6B36-5091-485B-B4DC-49177CD6012E}.Release|Any CPU.Build.0 = Release|Any CPU
		{46B0D67E-8D3F-4A07-ADFE-8D3D2A2DD123}.Debug|Any CPU.ActiveCfg = Debug|Any CPU
		{46B0D67E-8D3F-4A07-ADFE-8D3D2A2DD123}.Debug|Any CPU.Build.0 = Debug|Any CPU
		{46B0D67E-8D3F-4A07-ADFE-8D3D2A2DD123}.Release|Any CPU.ActiveCfg = Release|Any CPU
		{46B0D67E-8D3F-4A07-ADFE-8D3D2A2DD123}.Release|Any CPU.Build.0 = Release|Any CPU
		{5D2DEE46-820B-4B97-ABAE-FADAABE0E930}.Debug|Any CPU.ActiveCfg = Debug|Any CPU
		{5D2DEE46-820B-4B97-ABAE-FADAABE0E930}.Debug|Any CPU.Build.0 = Debug|Any CPU
		{5D2DEE46-820B-4B97-ABAE-FADAABE0E930}.Release|Any CPU.ActiveCfg = Release|Any CPU
		{5D2DEE46-820B-4B97-ABAE-FADAABE0E930}.Release|Any CPU.Build.0 = Release|Any CPU
		{1A40CF83-CD7F-4DAE-A578-B4595833B53C}.Debug|Any CPU.ActiveCfg = Debug|Any CPU
		{1A40CF83-CD7F-4DAE-A578-B4595833B53C}.Debug|Any CPU.Build.0 = Debug|Any CPU
		{1A40CF83-CD7F-4DAE-A578-B4595833B53C}.Release|Any CPU.ActiveCfg = Release|Any CPU
		{1A40CF83-CD7F-4DAE-A578-B4595833B53C}.Release|Any CPU.Build.0 = Release|Any CPU
		{1677D0DE-221B-421B-810A-F7EE163E3A19}.Debug|Any CPU.ActiveCfg = Debug|Any CPU
		{1677D0DE-221B-421B-810A-F7EE163E3A19}.Debug|Any CPU.Build.0 = Debug|Any CPU
		{1677D0DE-221B-421B-810A-F7EE163E3A19}.Release|Any CPU.ActiveCfg = Release|Any CPU
		{1677D0DE-221B-421B-810A-F7EE163E3A19}.Release|Any CPU.Build.0 = Release|Any CPU
		{D7FC1BC1-5BE8-4157-83A5-C67D77CB9612}.Debug|Any CPU.ActiveCfg = Debug|Any CPU
		{D7FC1BC1-5BE8-4157-83A5-C67D77CB9612}.Debug|Any CPU.Build.0 = Debug|Any CPU
		{D7FC1BC1-5BE8-4157-83A5-C67D77CB9612}.Release|Any CPU.ActiveCfg = Release|Any CPU
		{D7FC1BC1-5BE8-4157-83A5-C67D77CB9612}.Release|Any CPU.Build.0 = Release|Any CPU
		{E9F78B41-EBDB-41EB-9230-374E54A39782}.Debug|Any CPU.ActiveCfg = Debug|Any CPU
		{E9F78B41-EBDB-41EB-9230-374E54A39782}.Debug|Any CPU.Build.0 = Debug|Any CPU
		{E9F78B41-EBDB-41EB-9230-374E54A39782}.Release|Any CPU.ActiveCfg = Release|Any CPU
		{E9F78B41-EBDB-41EB-9230-374E54A39782}.Release|Any CPU.Build.0 = Release|Any CPU
		{75F67A6A-F395-4FF9-8868-B4C3F274094F}.Debug|Any CPU.ActiveCfg = Debug|Any CPU
		{75F67A6A-F395-4FF9-8868-B4C3F274094F}.Debug|Any CPU.Build.0 = Debug|Any CPU
		{75F67A6A-F395-4FF9-8868-B4C3F274094F}.Release|Any CPU.ActiveCfg = Release|Any CPU
		{75F67A6A-F395-4FF9-8868-B4C3F274094F}.Release|Any CPU.Build.0 = Release|Any CPU
		{30AABE18-372E-4524-B09B-62CC8D7AF6F9}.Debug|Any CPU.ActiveCfg = Debug|Any CPU
		{30AABE18-372E-4524-B09B-62CC8D7AF6F9}.Debug|Any CPU.Build.0 = Debug|Any CPU
		{30AABE18-372E-4524-B09B-62CC8D7AF6F9}.Release|Any CPU.ActiveCfg = Release|Any CPU
		{30AABE18-372E-4524-B09B-62CC8D7AF6F9}.Release|Any CPU.Build.0 = Release|Any CPU
	EndGlobalSection
	GlobalSection(SolutionProperties) = preSolution
		HideSolutionNode = FALSE
	EndGlobalSection
	GlobalSection(NestedProjects) = preSolution
		{7C5F2947-8B07-47CE-88E7-7DAD8CDDDBF7} = {9FE7139E-7999-4D49-AD9A-DB472E355D4C}
		{15D4471E-E901-4EDD-B88F-F716AB5C7D57} = {4D95AD36-A657-4E54-92C5-928C724933D4}
		{DDCA5C5E-0FE7-48AD-91A7-E927404403C6} = {4D95AD36-A657-4E54-92C5-928C724933D4}
		{097A008F-008E-49F5-A14B-F7C7784688C1} = {4D95AD36-A657-4E54-92C5-928C724933D4}
		{E8481195-A777-4E3C-9A04-FDFD0D54B059} = {4D95AD36-A657-4E54-92C5-928C724933D4}
		{BE83FB87-393B-4E7F-B283-B5BAFF3948F7} = {15D4471E-E901-4EDD-B88F-F716AB5C7D57}
		{08F9A3F1-E553-4A61-B350-FA99A40492A8} = {E8481195-A777-4E3C-9A04-FDFD0D54B059}
		{789CFF96-7F71-4A40-AC65-FE76B0E12150} = {097A008F-008E-49F5-A14B-F7C7784688C1}
		{F9430C3D-6C88-4B54-AD45-F8110EE0CADE} = {15D4471E-E901-4EDD-B88F-F716AB5C7D57}
		{9BEC5C04-9067-42CE-B6ED-A51E57CFE96C} = {15D4471E-E901-4EDD-B88F-F716AB5C7D57}
		{CF97323C-36D9-4272-AD70-D448007266A1} = {15D4471E-E901-4EDD-B88F-F716AB5C7D57}
		{F20EAF73-9E51-4A8B-968E-F2FFC06295BD} = {E8481195-A777-4E3C-9A04-FDFD0D54B059}
		{DA48953E-2017-48C4-BA8A-387A86ADF476} = {E8481195-A777-4E3C-9A04-FDFD0D54B059}
		{C9DD6B36-5091-485B-B4DC-49177CD6012E} = {E8481195-A777-4E3C-9A04-FDFD0D54B059}
		{46B0D67E-8D3F-4A07-ADFE-8D3D2A2DD123} = {097A008F-008E-49F5-A14B-F7C7784688C1}
		{5D2DEE46-820B-4B97-ABAE-FADAABE0E930} = {097A008F-008E-49F5-A14B-F7C7784688C1}
		{1A40CF83-CD7F-4DAE-A578-B4595833B53C} = {097A008F-008E-49F5-A14B-F7C7784688C1}
		{1677D0DE-221B-421B-810A-F7EE163E3A19} = {DDCA5C5E-0FE7-48AD-91A7-E927404403C6}
		{D7FC1BC1-5BE8-4157-83A5-C67D77CB9612} = {DDCA5C5E-0FE7-48AD-91A7-E927404403C6}
		{E9F78B41-EBDB-41EB-9230-374E54A39782} = {DDCA5C5E-0FE7-48AD-91A7-E927404403C6}
		{75F67A6A-F395-4FF9-8868-B4C3F274094F} = {DDCA5C5E-0FE7-48AD-91A7-E927404403C6}
		{30AABE18-372E-4524-B09B-62CC8D7AF6F9} = {7C5F2947-8B07-47CE-88E7-7DAD8CDDDBF7}
	EndGlobalSection
	GlobalSection(ExtensibilityGlobals) = postSolution
		SolutionGuid = {B187A9EC-EB25-4469-9918-CAF29AD4E4D5}
	EndGlobalSection
EndGlobal
