
Microsoft Visual Studio Solution File, Format Version 12.00
# Visual Studio Version 17
VisualStudioVersion = 17.8.34511.84
MinimumVisualStudioVersion = 10.0.40219.1
Project("{2150E333-8FDC-42A3-9474-1A3956D46DE8}") = "tests", "tests", "{A525DF86-0724-4986-8966-503D7187F8E9}"
EndProject
Project("{E53339B2-1760-4266-BCC7-CA923CBCF16C}") = "docker-compose", "docker-compose.dcproj", "{E7D5D03C-81C3-41A0-BC98-9903E885F887}"
EndProject
Project("{2150E333-8FDC-42A3-9474-1A3956D46DE8}") = "Solution Items", "Solution Items", "{954BF522-B507-42A9-B5D3-D4F96B4750C8}"
	ProjectSection(SolutionItems) = preProject
		.editorconfig = .editorconfig
	EndProjectSection
EndProject
Project("{2150E333-8FDC-42A3-9474-1A3956D46DE8}") = "ApiGateways", "ApiGateways", "{DE3332ED-ACAC-488D-9503-F00B38CD2A66}"
EndProject
Project("{2150E333-8FDC-42A3-9474-1A3956D46DE8}") = "Services", "Services", "{4D95AD36-A657-4E54-92C5-928C724933D4}"
EndProject
Project("{2150E333-8FDC-42A3-9474-1A3956D46DE8}") = "BuildingBlocks", "BuildingBlocks", "{9FE7139E-7999-4D49-AD9A-DB472E355D4C}"
EndProject
Project("{2150E333-8FDC-42A3-9474-1A3956D46DE8}") = "Core", "Core", "{7C5F2947-8B07-47CE-88E7-7DAD8CDDDBF7}"
EndProject
Project("{2150E333-8FDC-42A3-9474-1A3956D46DE8}") = "Organization", "Organization", "{15D4471E-E901-4EDD-B88F-F716AB5C7D57}"
EndProject
Project("{2150E333-8FDC-42A3-9474-1A3956D46DE8}") = "Incident", "Incident", "{DDCA5C5E-0FE7-48AD-91A7-E927404403C6}"
EndProject
Project("{2150E333-8FDC-42A3-9474-1A3956D46DE8}") = "Resources", "Resources", "{097A008F-008E-49F5-A14B-F7C7784688C1}"
EndProject
Project("{2150E333-8FDC-42A3-9474-1A3956D46DE8}") = "Payment", "Payment", "{E8481195-A777-4E3C-9A04-FDFD0D54B059}"
EndProject
Project("{9A19103F-16F7-4668-BE54-9A1E7A4F7556}") = "LTW.Core", "BuildingBlocks\Core\LTW.Core\LTW.Core.csproj", "{B472BC91-054C-4C8D-8374-CBBE9D1D5922}"
EndProject
Project("{9A19103F-16F7-4668-BE54-9A1E7A4F7556}") = "LTW.Incident.Application", "Services\Incident\LTW.Incident.Application\LTW.Incident.Application.csproj", "{752100D0-9584-4617-97CD-2CF1AC3F8D4A}"
EndProject
Project("{9A19103F-16F7-4668-BE54-9A1E7A4F7556}") = "LTW.Incident.AzureFunction", "Services\Incident\LTW.Incident.AzureFunction\LTW.Incident.AzureFunction.csproj", "{D656BE70-E25E-4126-9282-2F3CBFAEED51}"
EndProject
Project("{9A19103F-16F7-4668-BE54-9A1E7A4F7556}") = "LTW.Incident.Domain", "Services\Incident\LTW.Incident.Domain\LTW.Incident.Domain.csproj", "{B733F9A1-46C8-4E4E-B6C9-58355A449928}"
EndProject
Project("{9A19103F-16F7-4668-BE54-9A1E7A4F7556}") = "LTW.Incident.Infrastructure", "Services\Incident\LTW.Incident.Infrastructure\LTW.Incident.Infrastructure.csproj", "{F41D0A5E-3342-4ADF-87A7-B90DCBCFA6B1}"
EndProject
Project("{9A19103F-16F7-4668-BE54-9A1E7A4F7556}") = "LTW.Organization.API", "Services\Organization\LTW.Organization.API\LTW.Organization.API.csproj", "{192AE87B-F17D-49EF-AD63-040EF0C3AC94}"
EndProject
Project("{9A19103F-16F7-4668-BE54-9A1E7A4F7556}") = "LTW.Organization.Application", "Services\Organization\LTW.Organization.Application\LTW.Organization.Application.csproj", "{F48713C9-B8A2-438B-8B87-668F6C744ECD}"
EndProject
Project("{9A19103F-16F7-4668-BE54-9A1E7A4F7556}") = "LTW.Organization.Data", "Services\Organization\LTW.Organization.Data\LTW.Organization.Data.csproj", "{E40FE732-700B-48FF-83C8-691CA2759A0F}"
EndProject
Project("{9A19103F-16F7-4668-BE54-9A1E7A4F7556}") = "LTW.Organization.Domain", "Services\Organization\LTW.Organization.Domain\LTW.Organization.Domain.csproj", "{188CB1BB-B3C0-4DC2-BF92-B7D6EF89EA4B}"
EndProject
Project("{9A19103F-16F7-4668-BE54-9A1E7A4F7556}") = "LTW.Organization.Infrastructure", "Services\Organization\LTW.Organization.Infrastructure\LTW.Organization.Infrastructure.csproj", "{17E67884-8F78-4918-A586-15EBFA627723}"
EndProject
Project("{9A19103F-16F7-4668-BE54-9A1E7A4F7556}") = "LTW.Payment.API", "Services\Payment\LTW.Payment.API\LTW.Payment.API.csproj", "{7FEC099F-E7C1-4643-91FD-93136F564EAA}"
EndProject
Project("{9A19103F-16F7-4668-BE54-9A1E7A4F7556}") = "LTW.Payment.Application", "Services\Payment\LTW.Payment.Application\LTW.Payment.Application.csproj", "{90FE54A4-6769-4136-B655-79CB13FCB154}"
EndProject
Project("{9A19103F-16F7-4668-BE54-9A1E7A4F7556}") = "LTW.Payment.Domain", "Services\Payment\LTW.Payment.Domain\LTW.Payment.Domain.csproj", "{4745BE99-3A57-431C-B6F3-9B8ADA00A809}"
EndProject
Project("{9A19103F-16F7-4668-BE54-9A1E7A4F7556}") = "LTW.Payment.Infrastructure", "Services\Payment\LTW.Payment.Infrastructure\LTW.Payment.Infrastructure.csproj", "{D5F6616E-646D-4F2F-819C-1ABBA9139631}"
EndProject
Project("{9A19103F-16F7-4668-BE54-9A1E7A4F7556}") = "LTW.Resources.API", "Services\Resources\LTW.Resources.API\LTW.Resources.API.csproj", "{FD8589BF-5F69-478D-BC8A-71C1BE4810A5}"
EndProject
Project("{9A19103F-16F7-4668-BE54-9A1E7A4F7556}") = "LTW.Resources.Application", "Services\Resources\LTW.Resources.Application\LTW.Resources.Application.csproj", "{1846DFF3-4D4A-46B4-8E3C-C72899F8502F}"
EndProject
Project("{9A19103F-16F7-4668-BE54-9A1E7A4F7556}") = "LTW.Resources.Domain", "Services\Resources\LTW.Resources.Domain\LTW.Resources.Domain.csproj", "{25D7B1F8-7B2B-4A24-B571-C89A0DE607E2}"
EndProject
Project("{9A19103F-16F7-4668-BE54-9A1E7A4F7556}") = "LTW.Resources.Infrastructure", "Services\Resources\LTW.Resources.Infrastructure\LTW.Resources.Infrastructure.csproj", "{CC318CC5-71ED-4F87-928E-65CE208082EA}"
EndProject
Global
	GlobalSection(SolutionConfigurationPlatforms) = preSolution
		Debug|Any CPU = Debug|Any CPU
		Release|Any CPU = Release|Any CPU
	EndGlobalSection
	GlobalSection(ProjectConfigurationPlatforms) = postSolution
		{E7D5D03C-81C3-41A0-BC98-9903E885F887}.Debug|Any CPU.ActiveCfg = Debug|Any CPU
		{E7D5D03C-81C3-41A0-BC98-9903E885F887}.Debug|Any CPU.Build.0 = Debug|Any CPU
		{E7D5D03C-81C3-41A0-BC98-9903E885F887}.Release|Any CPU.ActiveCfg = Release|Any CPU
		{E7D5D03C-81C3-41A0-BC98-9903E885F887}.Release|Any CPU.Build.0 = Release|Any CPU
		{B472BC91-054C-4C8D-8374-CBBE9D1D5922}.Debug|Any CPU.ActiveCfg = Debug|Any CPU
		{B472BC91-054C-4C8D-8374-CBBE9D1D5922}.Debug|Any CPU.Build.0 = Debug|Any CPU
		{B472BC91-054C-4C8D-8374-CBBE9D1D5922}.Release|Any CPU.ActiveCfg = Release|Any CPU
		{B472BC91-054C-4C8D-8374-CBBE9D1D5922}.Release|Any CPU.Build.0 = Release|Any CPU
		{752100D0-9584-4617-97CD-2CF1AC3F8D4A}.Debug|Any CPU.ActiveCfg = Debug|Any CPU
		{752100D0-9584-4617-97CD-2CF1AC3F8D4A}.Debug|Any CPU.Build.0 = Debug|Any CPU
		{752100D0-9584-4617-97CD-2CF1AC3F8D4A}.Release|Any CPU.ActiveCfg = Release|Any CPU
		{752100D0-9584-4617-97CD-2CF1AC3F8D4A}.Release|Any CPU.Build.0 = Release|Any CPU
		{D656BE70-E25E-4126-9282-2F3CBFAEED51}.Debug|Any CPU.ActiveCfg = Debug|Any CPU
		{D656BE70-E25E-4126-9282-2F3CBFAEED51}.Debug|Any CPU.Build.0 = Debug|Any CPU
		{D656BE70-E25E-4126-9282-2F3CBFAEED51}.Release|Any CPU.ActiveCfg = Release|Any CPU
		{D656BE70-E25E-4126-9282-2F3CBFAEED51}.Release|Any CPU.Build.0 = Release|Any CPU
		{B733F9A1-46C8-4E4E-B6C9-58355A449928}.Debug|Any CPU.ActiveCfg = Debug|Any CPU
		{B733F9A1-46C8-4E4E-B6C9-58355A449928}.Debug|Any CPU.Build.0 = Debug|Any CPU
		{B733F9A1-46C8-4E4E-B6C9-58355A449928}.Release|Any CPU.ActiveCfg = Release|Any CPU
		{B733F9A1-46C8-4E4E-B6C9-58355A449928}.Release|Any CPU.Build.0 = Release|Any CPU
		{F41D0A5E-3342-4ADF-87A7-B90DCBCFA6B1}.Debug|Any CPU.ActiveCfg = Debug|Any CPU
		{F41D0A5E-3342-4ADF-87A7-B90DCBCFA6B1}.Debug|Any CPU.Build.0 = Debug|Any CPU
		{F41D0A5E-3342-4ADF-87A7-B90DCBCFA6B1}.Release|Any CPU.ActiveCfg = Release|Any CPU
		{F41D0A5E-3342-4ADF-87A7-B90DCBCFA6B1}.Release|Any CPU.Build.0 = Release|Any CPU
		{192AE87B-F17D-49EF-AD63-040EF0C3AC94}.Debug|Any CPU.ActiveCfg = Debug|Any CPU
		{192AE87B-F17D-49EF-AD63-040EF0C3AC94}.Debug|Any CPU.Build.0 = Debug|Any CPU
		{192AE87B-F17D-49EF-AD63-040EF0C3AC94}.Release|Any CPU.ActiveCfg = Release|Any CPU
		{192AE87B-F17D-49EF-AD63-040EF0C3AC94}.Release|Any CPU.Build.0 = Release|Any CPU
		{F48713C9-B8A2-438B-8B87-668F6C744ECD}.Debug|Any CPU.ActiveCfg = Debug|Any CPU
		{F48713C9-B8A2-438B-8B87-668F6C744ECD}.Debug|Any CPU.Build.0 = Debug|Any CPU
		{F48713C9-B8A2-438B-8B87-668F6C744ECD}.Release|Any CPU.ActiveCfg = Release|Any CPU
		{F48713C9-B8A2-438B-8B87-668F6C744ECD}.Release|Any CPU.Build.0 = Release|Any CPU
		{E40FE732-700B-48FF-83C8-691CA2759A0F}.Debug|Any CPU.ActiveCfg = Debug|Any CPU
		{E40FE732-700B-48FF-83C8-691CA2759A0F}.Debug|Any CPU.Build.0 = Debug|Any CPU
		{E40FE732-700B-48FF-83C8-691CA2759A0F}.Release|Any CPU.ActiveCfg = Release|Any CPU
		{E40FE732-700B-48FF-83C8-691CA2759A0F}.Release|Any CPU.Build.0 = Release|Any CPU
		{188CB1BB-B3C0-4DC2-BF92-B7D6EF89EA4B}.Debug|Any CPU.ActiveCfg = Debug|Any CPU
		{188CB1BB-B3C0-4DC2-BF92-B7D6EF89EA4B}.Debug|Any CPU.Build.0 = Debug|Any CPU
		{188CB1BB-B3C0-4DC2-BF92-B7D6EF89EA4B}.Release|Any CPU.ActiveCfg = Release|Any CPU
		{188CB1BB-B3C0-4DC2-BF92-B7D6EF89EA4B}.Release|Any CPU.Build.0 = Release|Any CPU
		{17E67884-8F78-4918-A586-15EBFA627723}.Debug|Any CPU.ActiveCfg = Debug|Any CPU
		{17E67884-8F78-4918-A586-15EBFA627723}.Debug|Any CPU.Build.0 = Debug|Any CPU
		{17E67884-8F78-4918-A586-15EBFA627723}.Release|Any CPU.ActiveCfg = Release|Any CPU
		{17E67884-8F78-4918-A586-15EBFA627723}.Release|Any CPU.Build.0 = Release|Any CPU
		{7FEC099F-E7C1-4643-91FD-93136F564EAA}.Debug|Any CPU.ActiveCfg = Debug|Any CPU
		{7FEC099F-E7C1-4643-91FD-93136F564EAA}.Debug|Any CPU.Build.0 = Debug|Any CPU
		{7FEC099F-E7C1-4643-91FD-93136F564EAA}.Release|Any CPU.ActiveCfg = Release|Any CPU
		{7FEC099F-E7C1-4643-91FD-93136F564EAA}.Release|Any CPU.Build.0 = Release|Any CPU
		{90FE54A4-6769-4136-B655-79CB13FCB154}.Debug|Any CPU.ActiveCfg = Debug|Any CPU
		{90FE54A4-6769-4136-B655-79CB13FCB154}.Debug|Any CPU.Build.0 = Debug|Any CPU
		{90FE54A4-6769-4136-B655-79CB13FCB154}.Release|Any CPU.ActiveCfg = Release|Any CPU
		{90FE54A4-6769-4136-B655-79CB13FCB154}.Release|Any CPU.Build.0 = Release|Any CPU
		{4745BE99-3A57-431C-B6F3-9B8ADA00A809}.Debug|Any CPU.ActiveCfg = Debug|Any CPU
		{4745BE99-3A57-431C-B6F3-9B8ADA00A809}.Debug|Any CPU.Build.0 = Debug|Any CPU
		{4745BE99-3A57-431C-B6F3-9B8ADA00A809}.Release|Any CPU.ActiveCfg = Release|Any CPU
		{4745BE99-3A57-431C-B6F3-9B8ADA00A809}.Release|Any CPU.Build.0 = Release|Any CPU
		{D5F6616E-646D-4F2F-819C-1ABBA9139631}.Debug|Any CPU.ActiveCfg = Debug|Any CPU
		{D5F6616E-646D-4F2F-819C-1ABBA9139631}.Debug|Any CPU.Build.0 = Debug|Any CPU
		{D5F6616E-646D-4F2F-819C-1ABBA9139631}.Release|Any CPU.ActiveCfg = Release|Any CPU
		{D5F6616E-646D-4F2F-819C-1ABBA9139631}.Release|Any CPU.Build.0 = Release|Any CPU
		{FD8589BF-5F69-478D-BC8A-71C1BE4810A5}.Debug|Any CPU.ActiveCfg = Debug|Any CPU
		{FD8589BF-5F69-478D-BC8A-71C1BE4810A5}.Debug|Any CPU.Build.0 = Debug|Any CPU
		{FD8589BF-5F69-478D-BC8A-71C1BE4810A5}.Release|Any CPU.ActiveCfg = Release|Any CPU
		{FD8589BF-5F69-478D-BC8A-71C1BE4810A5}.Release|Any CPU.Build.0 = Release|Any CPU
		{1846DFF3-4D4A-46B4-8E3C-C72899F8502F}.Debug|Any CPU.ActiveCfg = Debug|Any CPU
		{1846DFF3-4D4A-46B4-8E3C-C72899F8502F}.Debug|Any CPU.Build.0 = Debug|Any CPU
		{1846DFF3-4D4A-46B4-8E3C-C72899F8502F}.Release|Any CPU.ActiveCfg = Release|Any CPU
		{1846DFF3-4D4A-46B4-8E3C-C72899F8502F}.Release|Any CPU.Build.0 = Release|Any CPU
		{25D7B1F8-7B2B-4A24-B571-C89A0DE607E2}.Debug|Any CPU.ActiveCfg = Debug|Any CPU
		{25D7B1F8-7B2B-4A24-B571-C89A0DE607E2}.Debug|Any CPU.Build.0 = Debug|Any CPU
		{25D7B1F8-7B2B-4A24-B571-C89A0DE607E2}.Release|Any CPU.ActiveCfg = Release|Any CPU
		{25D7B1F8-7B2B-4A24-B571-C89A0DE607E2}.Release|Any CPU.Build.0 = Release|Any CPU
		{CC318CC5-71ED-4F87-928E-65CE208082EA}.Debug|Any CPU.ActiveCfg = Debug|Any CPU
		{CC318CC5-71ED-4F87-928E-65CE208082EA}.Debug|Any CPU.Build.0 = Debug|Any CPU
		{CC318CC5-71ED-4F87-928E-65CE208082EA}.Release|Any CPU.ActiveCfg = Release|Any CPU
		{CC318CC5-71ED-4F87-928E-65CE208082EA}.Release|Any CPU.Build.0 = Release|Any CPU
	EndGlobalSection
	GlobalSection(SolutionProperties) = preSolution
		HideSolutionNode = FALSE
	EndGlobalSection
	GlobalSection(NestedProjects) = preSolution
		{7C5F2947-8B07-47CE-88E7-7DAD8CDDDBF7} = {9FE7139E-7999-4D49-AD9A-DB472E355D4C}
		{15D4471E-E901-4EDD-B88F-F716AB5C7D57} = {4D95AD36-A657-4E54-92C5-928C724933D4}
		{DDCA5C5E-0FE7-48AD-91A7-E927404403C6} = {4D95AD36-A657-4E54-92C5-928C724933D4}
		{097A008F-008E-49F5-A14B-F7C7784688C1} = {4D95AD36-A657-4E54-92C5-928C724933D4}
		{E8481195-A777-4E3C-9A04-FDFD0D54B059} = {4D95AD36-A657-4E54-92C5-928C724933D4}
		{B472BC91-054C-4C8D-8374-CBBE9D1D5922} = {7C5F2947-8B07-47CE-88E7-7DAD8CDDDBF7}
		{752100D0-9584-4617-97CD-2CF1AC3F8D4A} = {DDCA5C5E-0FE7-48AD-91A7-E927404403C6}
		{D656BE70-E25E-4126-9282-2F3CBFAEED51} = {DDCA5C5E-0FE7-48AD-91A7-E927404403C6}
		{B733F9A1-46C8-4E4E-B6C9-58355A449928} = {DDCA5C5E-0FE7-48AD-91A7-E927404403C6}
		{F41D0A5E-3342-4ADF-87A7-B90DCBCFA6B1} = {DDCA5C5E-0FE7-48AD-91A7-E927404403C6}
		{192AE87B-F17D-49EF-AD63-040EF0C3AC94} = {15D4471E-E901-4EDD-B88F-F716AB5C7D57}
		{F48713C9-B8A2-438B-8B87-668F6C744ECD} = {15D4471E-E901-4EDD-B88F-F716AB5C7D57}
		{E40FE732-700B-48FF-83C8-691CA2759A0F} = {15D4471E-E901-4EDD-B88F-F716AB5C7D57}
		{188CB1BB-B3C0-4DC2-BF92-B7D6EF89EA4B} = {15D4471E-E901-4EDD-B88F-F716AB5C7D57}
		{17E67884-8F78-4918-A586-15EBFA627723} = {15D4471E-E901-4EDD-B88F-F716AB5C7D57}
		{7FEC099F-E7C1-4643-91FD-93136F564EAA} = {E8481195-A777-4E3C-9A04-FDFD0D54B059}
		{90FE54A4-6769-4136-B655-79CB13FCB154} = {E8481195-A777-4E3C-9A04-FDFD0D54B059}
		{4745BE99-3A57-431C-B6F3-9B8ADA00A809} = {E8481195-A777-4E3C-9A04-FDFD0D54B059}
		{D5F6616E-646D-4F2F-819C-1ABBA9139631} = {E8481195-A777-4E3C-9A04-FDFD0D54B059}
		{FD8589BF-5F69-478D-BC8A-71C1BE4810A5} = {097A008F-008E-49F5-A14B-F7C7784688C1}
		{1846DFF3-4D4A-46B4-8E3C-C72899F8502F} = {097A008F-008E-49F5-A14B-F7C7784688C1}
		{25D7B1F8-7B2B-4A24-B571-C89A0DE607E2} = {097A008F-008E-49F5-A14B-F7C7784688C1}
		{CC318CC5-71ED-4F87-928E-65CE208082EA} = {097A008F-008E-49F5-A14B-F7C7784688C1}
	EndGlobalSection
	GlobalSection(ExtensibilityGlobals) = postSolution
		SolutionGuid = {B187A9EC-EB25-4469-9918-CAF29AD4E4D5}
	EndGlobalSection
EndGlobal
