
Microsoft Visual Studio Solution File, Format Version 12.00
# Visual Studio Version 17
VisualStudioVersion = 17.8.34511.84
MinimumVisualStudioVersion = 10.0.40219.1
Project("{9A19103F-16F7-4668-BE54-9A1E7A4F7556}") = "LavanderTyperWeb", "LavanderTyper\LavanderTyperWeb.csproj", "{454D2E2E-89A3-4321-9CC4-FFBB7852A25B}"
EndProject
Project("{9A19103F-16F7-4668-BE54-9A1E7A4F7556}") = "LavanderTyperWeb.Application", "LavanderTyper.Application\LavanderTyperWeb.Application.csproj", "{7AB8F357-0F21-435E-946D-EB38FF301A74}"
EndProject
Project("{9A19103F-16F7-4668-BE54-9A1E7A4F7556}") = "LavanderTyperWeb.Core", "LavanderTyper.Core\LavanderTyperWeb.Core.csproj", "{5528D797-D1F8-43DA-9699-0B485FE33741}"
EndProject
Project("{9A19103F-16F7-4668-BE54-9A1E7A4F7556}") = "LavanderTyperWeb.Data", "LavanderTyper.Data\LavanderTyperWeb.Data.csproj", "{64C2FABC-FBDD-4E88-9746-32003C014357}"
EndProject
Project("{9A19103F-16F7-4668-BE54-9A1E7A4F7556}") = "LavanderTyperWeb.Domain", "LavanderTyper.Domain\LavanderTyperWeb.Domain.csproj", "{38187FD4-B77F-481A-AC06-A919C82D9F15}"
EndProject
Project("{9A19103F-16F7-4668-BE54-9A1E7A4F7556}") = "LavanderTyperWeb.Infrastructure", "LavanderTyper.Infrastructure\LavanderTyperWeb.Infrastructure.csproj", "{96E968DE-A36F-4E2B-874D-27242AB59E64}"
EndProject
Project("{2150E333-8FDC-42A3-9474-1A3956D46DE8}") = "tests", "tests", "{A525DF86-0724-4986-8966-503D7187F8E9}"
EndProject
Project("{9A19103F-16F7-4668-BE54-9A1E7A4F7556}") = "LavanderTyperWeb.Tests", "LavanderTyperApi.Tests\LavanderTyperWeb.Tests.csproj", "{992D2349-91E9-4D63-AA78-D3B749048FA3}"
EndProject
Project("{E53339B2-1760-4266-BCC7-CA923CBCF16C}") = "docker-compose", "docker-compose.dcproj", "{E7D5D03C-81C3-41A0-BC98-9903E885F887}"
EndProject
Project("{2150E333-8FDC-42A3-9474-1A3956D46DE8}") = "Solution Items", "Solution Items", "{954BF522-B507-42A9-B5D3-D4F96B4750C8}"
	ProjectSection(SolutionItems) = preProject
		.editorconfig = .editorconfig
	EndProjectSection
EndProject
Project("{2150E333-8FDC-42A3-9474-1A3956D46DE8}") = "ApiGateways", "ApiGateways", "{DE3332ED-ACAC-488D-9503-F00B38CD2A66}"
EndProject
Project("{2150E333-8FDC-42A3-9474-1A3956D46DE8}") = "Services", "Services", "{4D95AD36-A657-4E54-92C5-928C724933D4}"
EndProject
Project("{2150E333-8FDC-42A3-9474-1A3956D46DE8}") = "BuildingBlocks", "BuildingBlocks", "{9FE7139E-7999-4D49-AD9A-DB472E355D4C}"
EndProject
Project("{2150E333-8FDC-42A3-9474-1A3956D46DE8}") = "Core", "Core", "{7C5F2947-8B07-47CE-88E7-7DAD8CDDDBF7}"
EndProject
Project("{2150E333-8FDC-42A3-9474-1A3956D46DE8}") = "Organization", "Organization", "{15D4471E-E901-4EDD-B88F-F716AB5C7D57}"
EndProject
Project("{2150E333-8FDC-42A3-9474-1A3956D46DE8}") = "Incident", "Incident", "{DDCA5C5E-0FE7-48AD-91A7-E927404403C6}"
EndProject
Project("{2150E333-8FDC-42A3-9474-1A3956D46DE8}") = "Resources", "Resources", "{097A008F-008E-49F5-A14B-F7C7784688C1}"
EndProject
Project("{2150E333-8FDC-42A3-9474-1A3956D46DE8}") = "Payment", "Payment", "{E8481195-A777-4E3C-9A04-FDFD0D54B059}"
EndProject
Project("{FAE04EC0-301F-11D3-BF4B-00C04F79EFBC}") = "LTW.Incident.API", "..\LTW.Incident.API\LTW.Incident.API.csproj", "{6DCBCE23-FA0C-448A-B674-4FD961CDDED9}"
EndProject
Project("{FAE04EC0-301F-11D3-BF4B-00C04F79EFBC}") = "LTW.Organization.API", "..\LTW.Organization.API\LTW.Organization.API.csproj", "{BE83FB87-393B-4E7F-B283-B5BAFF3948F7}"
EndProject
Project("{FAE04EC0-301F-11D3-BF4B-00C04F79EFBC}") = "LTW.Payment.API", "..\LTW.Payment.API\LTW.Payment.API.csproj", "{08F9A3F1-E553-4A61-B350-FA99A40492A8}"
EndProject
Project("{FAE04EC0-301F-11D3-BF4B-00C04F79EFBC}") = "LTW.Resources.API", "..\LTW.Resources.API\LTW.Resources.API.csproj", "{789CFF96-7F71-4A40-AC65-FE76B0E12150}"
EndProject
Global
	GlobalSection(SolutionConfigurationPlatforms) = preSolution
		Debug|Any CPU = Debug|Any CPU
		Release|Any CPU = Release|Any CPU
	EndGlobalSection
	GlobalSection(ProjectConfigurationPlatforms) = postSolution
		{454D2E2E-89A3-4321-9CC4-FFBB7852A25B}.Debug|Any CPU.ActiveCfg = Debug|Any CPU
		{454D2E2E-89A3-4321-9CC4-FFBB7852A25B}.Debug|Any CPU.Build.0 = Debug|Any CPU
		{454D2E2E-89A3-4321-9CC4-FFBB7852A25B}.Release|Any CPU.ActiveCfg = Release|Any CPU
		{454D2E2E-89A3-4321-9CC4-FFBB7852A25B}.Release|Any CPU.Build.0 = Release|Any CPU
		{7AB8F357-0F21-435E-946D-EB38FF301A74}.Debug|Any CPU.ActiveCfg = Debug|Any CPU
		{7AB8F357-0F21-435E-946D-EB38FF301A74}.Debug|Any CPU.Build.0 = Debug|Any CPU
		{7AB8F357-0F21-435E-946D-EB38FF301A74}.Release|Any CPU.ActiveCfg = Release|Any CPU
		{7AB8F357-0F21-435E-946D-EB38FF301A74}.Release|Any CPU.Build.0 = Release|Any CPU
		{5528D797-D1F8-43DA-9699-0B485FE33741}.Debug|Any CPU.ActiveCfg = Debug|Any CPU
		{5528D797-D1F8-43DA-9699-0B485FE33741}.Debug|Any CPU.Build.0 = Debug|Any CPU
		{5528D797-D1F8-43DA-9699-0B485FE33741}.Release|Any CPU.ActiveCfg = Release|Any CPU
		{5528D797-D1F8-43DA-9699-0B485FE33741}.Release|Any CPU.Build.0 = Release|Any CPU
		{64C2FABC-FBDD-4E88-9746-32003C014357}.Debug|Any CPU.ActiveCfg = Debug|Any CPU
		{64C2FABC-FBDD-4E88-9746-32003C014357}.Debug|Any CPU.Build.0 = Debug|Any CPU
		{64C2FABC-FBDD-4E88-9746-32003C014357}.Release|Any CPU.ActiveCfg = Release|Any CPU
		{64C2FABC-FBDD-4E88-9746-32003C014357}.Release|Any CPU.Build.0 = Release|Any CPU
		{38187FD4-B77F-481A-AC06-A919C82D9F15}.Debug|Any CPU.ActiveCfg = Debug|Any CPU
		{38187FD4-B77F-481A-AC06-A919C82D9F15}.Debug|Any CPU.Build.0 = Debug|Any CPU
		{38187FD4-B77F-481A-AC06-A919C82D9F15}.Release|Any CPU.ActiveCfg = Release|Any CPU
		{38187FD4-B77F-481A-AC06-A919C82D9F15}.Release|Any CPU.Build.0 = Release|Any CPU
		{96E968DE-A36F-4E2B-874D-27242AB59E64}.Debug|Any CPU.ActiveCfg = Debug|Any CPU
		{96E968DE-A36F-4E2B-874D-27242AB59E64}.Debug|Any CPU.Build.0 = Debug|Any CPU
		{96E968DE-A36F-4E2B-874D-27242AB59E64}.Release|Any CPU.ActiveCfg = Release|Any CPU
		{96E968DE-A36F-4E2B-874D-27242AB59E64}.Release|Any CPU.Build.0 = Release|Any CPU
		{992D2349-91E9-4D63-AA78-D3B749048FA3}.Debug|Any CPU.ActiveCfg = Debug|Any CPU
		{992D2349-91E9-4D63-AA78-D3B749048FA3}.Debug|Any CPU.Build.0 = Debug|Any CPU
		{992D2349-91E9-4D63-AA78-D3B749048FA3}.Release|Any CPU.ActiveCfg = Release|Any CPU
		{992D2349-91E9-4D63-AA78-D3B749048FA3}.Release|Any CPU.Build.0 = Release|Any CPU
		{E7D5D03C-81C3-41A0-BC98-9903E885F887}.Debug|Any CPU.ActiveCfg = Debug|Any CPU
		{E7D5D03C-81C3-41A0-BC98-9903E885F887}.Debug|Any CPU.Build.0 = Debug|Any CPU
		{E7D5D03C-81C3-41A0-BC98-9903E885F887}.Release|Any CPU.ActiveCfg = Release|Any CPU
		{E7D5D03C-81C3-41A0-BC98-9903E885F887}.Release|Any CPU.Build.0 = Release|Any CPU
		{6DCBCE23-FA0C-448A-B674-4FD961CDDED9}.Debug|Any CPU.ActiveCfg = Debug|Any CPU
		{6DCBCE23-FA0C-448A-B674-4FD961CDDED9}.Debug|Any CPU.Build.0 = Debug|Any CPU
		{6DCBCE23-FA0C-448A-B674-4FD961CDDED9}.Release|Any CPU.ActiveCfg = Release|Any CPU
		{6DCBCE23-FA0C-448A-B674-4FD961CDDED9}.Release|Any CPU.Build.0 = Release|Any CPU
		{BE83FB87-393B-4E7F-B283-B5BAFF3948F7}.Debug|Any CPU.ActiveCfg = Debug|Any CPU
		{BE83FB87-393B-4E7F-B283-B5BAFF3948F7}.Debug|Any CPU.Build.0 = Debug|Any CPU
		{BE83FB87-393B-4E7F-B283-B5BAFF3948F7}.Release|Any CPU.ActiveCfg = Release|Any CPU
		{BE83FB87-393B-4E7F-B283-B5BAFF3948F7}.Release|Any CPU.Build.0 = Release|Any CPU
		{08F9A3F1-E553-4A61-B350-FA99A40492A8}.Debug|Any CPU.ActiveCfg = Debug|Any CPU
		{08F9A3F1-E553-4A61-B350-FA99A40492A8}.Debug|Any CPU.Build.0 = Debug|Any CPU
		{08F9A3F1-E553-4A61-B350-FA99A40492A8}.Release|Any CPU.ActiveCfg = Release|Any CPU
		{08F9A3F1-E553-4A61-B350-FA99A40492A8}.Release|Any CPU.Build.0 = Release|Any CPU
		{789CFF96-7F71-4A40-AC65-FE76B0E12150}.Debug|Any CPU.ActiveCfg = Debug|Any CPU
		{789CFF96-7F71-4A40-AC65-FE76B0E12150}.Debug|Any CPU.Build.0 = Debug|Any CPU
		{789CFF96-7F71-4A40-AC65-FE76B0E12150}.Release|Any CPU.ActiveCfg = Release|Any CPU
		{789CFF96-7F71-4A40-AC65-FE76B0E12150}.Release|Any CPU.Build.0 = Release|Any CPU
	EndGlobalSection
	GlobalSection(SolutionProperties) = preSolution
		HideSolutionNode = FALSE
	EndGlobalSection
	GlobalSection(NestedProjects) = preSolution
		{5528D797-D1F8-43DA-9699-0B485FE33741} = {7C5F2947-8B07-47CE-88E7-7DAD8CDDDBF7}
		{992D2349-91E9-4D63-AA78-D3B749048FA3} = {A525DF86-0724-4986-8966-503D7187F8E9}
		{7C5F2947-8B07-47CE-88E7-7DAD8CDDDBF7} = {9FE7139E-7999-4D49-AD9A-DB472E355D4C}
		{15D4471E-E901-4EDD-B88F-F716AB5C7D57} = {4D95AD36-A657-4E54-92C5-928C724933D4}
		{DDCA5C5E-0FE7-48AD-91A7-E927404403C6} = {4D95AD36-A657-4E54-92C5-928C724933D4}
		{097A008F-008E-49F5-A14B-F7C7784688C1} = {4D95AD36-A657-4E54-92C5-928C724933D4}
		{E8481195-A777-4E3C-9A04-FDFD0D54B059} = {4D95AD36-A657-4E54-92C5-928C724933D4}
		{6DCBCE23-FA0C-448A-B674-4FD961CDDED9} = {DDCA5C5E-0FE7-48AD-91A7-E927404403C6}
		{BE83FB87-393B-4E7F-B283-B5BAFF3948F7} = {15D4471E-E901-4EDD-B88F-F716AB5C7D57}
		{08F9A3F1-E553-4A61-B350-FA99A40492A8} = {E8481195-A777-4E3C-9A04-FDFD0D54B059}
		{789CFF96-7F71-4A40-AC65-FE76B0E12150} = {097A008F-008E-49F5-A14B-F7C7784688C1}
	EndGlobalSection
	GlobalSection(ExtensibilityGlobals) = postSolution
		SolutionGuid = {B187A9EC-EB25-4469-9918-CAF29AD4E4D5}
	EndGlobalSection
EndGlobal
